
Microsoft Visual Studio Solution File, Format Version 12.00
# Visual Studio Version 17
VisualStudioVersion = 17.14.36429.23 d17.14
MinimumVisualStudioVersion = 10.0.40219.1
Project("{2150E333-8FDC-42A3-9474-1A3956D46DE8}") = "Task0", "Task0", "{02EA681E-C7D8-13C7-8484-4AC65E1B71E8}"
EndProject
Project("{FAE04EC0-301F-11D3-BF4B-00C04F79EFBC}") = "Tyuiu.KochetovKO.Sprint4.Task0.V15", "Tyuiu.KochetovKO.Sprint4.Task0.V15\Tyuiu.KochetovKO.Sprint4.Task0.V15.csproj", "{F5834E18-1D69-453A-802C-C0BC9B17EEB7}"
EndProject
Project("{FAE04EC0-301F-11D3-BF4B-00C04F79EFBC}") = "Tyuiu.KochetovKO.Sprint4.Task0.V15.Test", "Tyuiu.KochetovKO.Sprint4.Task0.V15.Test\Tyuiu.KochetovKO.Sprint4.Task0.V15.Test.csproj", "{700CFAD8-FBFC-4D61-BEE4-7392D3A6D4EC}"
EndProject
Project("{FAE04EC0-301F-11D3-BF4B-00C04F79EFBC}") = "Tyuiu.KochetovKO.Sprint4.Task0.V15.Lib", "Tyuiu.KochetovKO.Sprint4.Task0.V15.Lib\Tyuiu.KochetovKO.Sprint4.Task0.V15.Lib.csproj", "{74E0A099-FD2C-4E76-8675-507E2050045D}"
EndProject
Global
	GlobalSection(SolutionConfigurationPlatforms) = preSolution
		Debug|Any CPU = Debug|Any CPU
		Release|Any CPU = Release|Any CPU
	EndGlobalSection
	GlobalSection(ProjectConfigurationPlatforms) = postSolution
		{F5834E18-1D69-453A-802C-C0BC9B17EEB7}.Debug|Any CPU.ActiveCfg = Debug|Any CPU
		{F5834E18-1D69-453A-802C-C0BC9B17EEB7}.Debug|Any CPU.Build.0 = Debug|Any CPU
		{F5834E18-1D69-453A-802C-C0BC9B17EEB7}.Release|Any CPU.ActiveCfg = Release|Any CPU
		{F5834E18-1D69-453A-802C-C0BC9B17EEB7}.Release|Any CPU.Build.0 = Release|Any CPU
		{700CFAD8-FBFC-4D61-BEE4-7392D3A6D4EC}.Debug|Any CPU.ActiveCfg = Debug|Any CPU
		{700CFAD8-FBFC-4D61-BEE4-7392D3A6D4EC}.Debug|Any CPU.Build.0 = Debug|Any CPU
		{700CFAD8-FBFC-4D61-BEE4-7392D3A6D4EC}.Release|Any CPU.ActiveCfg = Release|Any CPU
		{700CFAD8-FBFC-4D61-BEE4-7392D3A6D4EC}.Release|Any CPU.Build.0 = Release|Any CPU
		{74E0A099-FD2C-4E76-8675-507E2050045D}.Debug|Any CPU.ActiveCfg = Debug|Any CPU
		{74E0A099-FD2C-4E76-8675-507E2050045D}.Debug|Any CPU.Build.0 = Debug|Any CPU
		{74E0A099-FD2C-4E76-8675-507E2050045D}.Release|Any CPU.ActiveCfg = Release|Any CPU
		{74E0A099-FD2C-4E76-8675-507E2050045D}.Release|Any CPU.Build.0 = Release|Any CPU
	EndGlobalSection
	GlobalSection(SolutionProperties) = preSolution
		HideSolutionNode = FALSE
	EndGlobalSection
	GlobalSection(NestedProjects) = preSolution
		{F5834E18-1D69-453A-802C-C0BC9B17EEB7} = {02EA681E-C7D8-13C7-8484-4AC65E1B71E8}
		{700CFAD8-FBFC-4D61-BEE4-7392D3A6D4EC} = {02EA681E-C7D8-13C7-8484-4AC65E1B71E8}
		{74E0A099-FD2C-4E76-8675-507E2050045D} = {02EA681E-C7D8-13C7-8484-4AC65E1B71E8}
	EndGlobalSection
	GlobalSection(ExtensibilityGlobals) = postSolution
		SolutionGuid = {95A8695B-19D6-4A08-983D-FBF0E004891A}
	EndGlobalSection
EndGlobal
