
Microsoft Visual Studio Solution File, Format Version 12.00
# Visual Studio Version 17
VisualStudioVersion = 17.14.36429.23
MinimumVisualStudioVersion = 10.0.40219.1
Project("{2150E333-8FDC-42A3-9474-1A3956D46DE8}") = "Task0", "Task0", "{02EA681E-C7D8-13C7-8484-4AC65E1B71E8}"
EndProject
Project("{FAE04EC0-301F-11D3-BF4B-00C04F79EFBC}") = "Tyuiu.KochetovKO.Sprint4.Task0.V15", "Tyuiu.KochetovKO.Sprint4.Task0.V15\Tyuiu.KochetovKO.Sprint4.Task0.V15.csproj", "{F5834E18-1D69-453A-802C-C0BC9B17EEB7}"
EndProject
Project("{FAE04EC0-301F-11D3-BF4B-00C04F79EFBC}") = "Tyuiu.KochetovKO.Sprint4.Task0.V15.Test", "Tyuiu.KochetovKO.Sprint4.Task0.V15.Test\Tyuiu.KochetovKO.Sprint4.Task0.V15.Test.csproj", "{700CFAD8-FBFC-4D61-BEE4-7392D3A6D4EC}"
EndProject
Project("{FAE04EC0-301F-11D3-BF4B-00C04F79EFBC}") = "Tyuiu.KochetovKO.Sprint4.Task0.V15.Lib", "Tyuiu.KochetovKO.Sprint4.Task0.V15.Lib\Tyuiu.KochetovKO.Sprint4.Task0.V15.Lib.csproj", "{74E0A099-FD2C-4E76-8675-507E2050045D}"
EndProject
Project("{2150E333-8FDC-42A3-9474-1A3956D46DE8}") = "Task1", "Task1", "{D6824ACC-D120-45B7-805C-A9F6F0274BAD}"
EndProject
Project("{FAE04EC0-301F-11D3-BF4B-00C04F79EFBC}") = "Tyuiu.KochetovKO.Sprint4.Task1.V26", "Tyuiu.KochetovKO.Sprint4.Task1.V26\Tyuiu.KochetovKO.Sprint4.Task1.V26.csproj", "{DB8FBF17-9BCD-480D-ACD4-27FB7E48415E}"
EndProject
Project("{FAE04EC0-301F-11D3-BF4B-00C04F79EFBC}") = "Tyuiu.KochetovKO.Sprint4.Task1.V26.Test", "Tyuiu.KochetovKO.Sprint4.Task1.V26.Test\Tyuiu.KochetovKO.Sprint4.Task1.V26.Test.csproj", "{B5EF486E-277B-4959-89C2-27105DA3C218}"
EndProject
Project("{FAE04EC0-301F-11D3-BF4B-00C04F79EFBC}") = "Tyuiu.KochetovKO.Sprint4.Task1.V26.Lib", "Tyuiu.KochetovKO.Sprint4.Task1.V26.Lib\Tyuiu.KochetovKO.Sprint4.Task1.V26.Lib.csproj", "{263C2CAD-BB9A-49AD-8C89-9C03B2FC254E}"
EndProject
Project("{2150E333-8FDC-42A3-9474-1A3956D46DE8}") = "Task2", "Task2", "{CB3B469F-BFB5-4715-A63C-B0D8C492B337}"
EndProject
Project("{FAE04EC0-301F-11D3-BF4B-00C04F79EFBC}") = "Tyuiu.KochetovKO.Sprint4.Task2.V28", "Tyuiu.KochetovKO.Sprint4.Task2.V28\Tyuiu.KochetovKO.Sprint4.Task2.V28.csproj", "{0694D9DF-C62E-400F-B82B-57554E8608FA}"
EndProject
Project("{FAE04EC0-301F-11D3-BF4B-00C04F79EFBC}") = "Tyuiu.KochetovKO.Sprint4.Task2.V28.Test", "Tyuiu.KochetovKO.Sprint4.Task2.V28.Test\Tyuiu.KochetovKO.Sprint4.Task2.V28.Test.csproj", "{2ED30D4F-5668-467C-A193-85D532820293}"
EndProject
Project("{FAE04EC0-301F-11D3-BF4B-00C04F79EFBC}") = "Tyuiu.KochetovKO.Sprint4.Task2.V28.Lib", "Tyuiu.KochetovKO.Sprint4.Task2.V28.Lib\Tyuiu.KochetovKO.Sprint4.Task2.V28.Lib.csproj", "{4B417A10-E474-463C-A574-37DB21654AF8}"
EndProject
Project("{2150E333-8FDC-42A3-9474-1A3956D46DE8}") = "Task3", "Task3", "{FA906C8C-F9C6-4EB9-9728-E2B7147D42B5}"
EndProject
Project("{FAE04EC0-301F-11D3-BF4B-00C04F79EFBC}") = "Tyuiu.KochetovKO.Sprint4.Task3.V27", "Tyuiu.KochetovKO.Sprint4.Task3.V27\Tyuiu.KochetovKO.Sprint4.Task3.V27.csproj", "{AD007666-5376-4FB7-BF4E-C0543A085885}"
EndProject
Project("{FAE04EC0-301F-11D3-BF4B-00C04F79EFBC}") = "Tyuiu.KochetovKO.Sprint4.Task3.V27.Test", "Tyuiu.KochetovKO.Sprint4.Task3.V27.Test\Tyuiu.KochetovKO.Sprint4.Task3.V27.Test.csproj", "{1D28C795-3E16-4373-836A-5AC9F27DF169}"
EndProject
Project("{FAE04EC0-301F-11D3-BF4B-00C04F79EFBC}") = "Tyuiu.KochetovKO.Sprint4.Task3.V27.Lib", "Tyuiu.KochetovKO.Sprint4.Task3.V27.Lib\Tyuiu.KochetovKO.Sprint4.Task3.V27.Lib.csproj", "{07280ABD-EF62-4E6C-8509-547C3A939FC4}"
EndProject
Project("{2150E333-8FDC-42A3-9474-1A3956D46DE8}") = "Solution Items", "Solution Items", "{D0EF1589-85A1-4620-A03F-F6487E3E4432}"
EndProject
Project("{2150E333-8FDC-42A3-9474-1A3956D46DE8}") = "NewFolder1", "NewFolder1", "{DAA308D9-3299-422B-9699-BFF2031FE198}"
EndProject
Project("{2150E333-8FDC-42A3-9474-1A3956D46DE8}") = "Task4", "Task4", "{FEBC233E-B75D-4E67-B0B2-E86D8ADEF7A0}"
EndProject
Project("{2150E333-8FDC-42A3-9474-1A3956D46DE8}") = "Task4", "Task4", "{43B9D75E-5B74-4C78-9F7A-6D91326F52C4}"
EndProject
Project("{FAE04EC0-301F-11D3-BF4B-00C04F79EFBC}") = "Tyuiu.KochetovKO.Sprint4.Task4.V23", "Tyuiu.KochetovKO.Sprint4.Task4.V23\Tyuiu.KochetovKO.Sprint4.Task4.V23.csproj", "{DEA1768E-1C1C-496C-BF8C-5C215B4646B5}"
EndProject
Project("{FAE04EC0-301F-11D3-BF4B-00C04F79EFBC}") = "Tyuiu.KochetovKO.Sprint4.Task4.V23.Test", "Tyuiu.KochetovKO.Sprint4.Task4.V23.Test\Tyuiu.KochetovKO.Sprint4.Task4.V23.Test.csproj", "{B4B3230E-21F3-42E4-B7D4-D571A461BC73}"
EndProject
Project("{FAE04EC0-301F-11D3-BF4B-00C04F79EFBC}") = "Tyuiu.KochetovKO.Sprint4.Task4.V23.Lib", "Tyuiu.KochetovKO.Sprint4.Task4.V23.Lib\Tyuiu.KochetovKO.Sprint4.Task4.V23.Lib.csproj", "{8FEF531F-83C0-4800-A3EC-9833152EF403}"
EndProject
Global
	GlobalSection(SolutionConfigurationPlatforms) = preSolution
		Debug|Any CPU = Debug|Any CPU
		Release|Any CPU = Release|Any CPU
	EndGlobalSection
	GlobalSection(ProjectConfigurationPlatforms) = postSolution
		{F5834E18-1D69-453A-802C-C0BC9B17EEB7}.Debug|Any CPU.ActiveCfg = Debug|Any CPU
		{F5834E18-1D69-453A-802C-C0BC9B17EEB7}.Debug|Any CPU.Build.0 = Debug|Any CPU
		{F5834E18-1D69-453A-802C-C0BC9B17EEB7}.Release|Any CPU.ActiveCfg = Release|Any CPU
		{F5834E18-1D69-453A-802C-C0BC9B17EEB7}.Release|Any CPU.Build.0 = Release|Any CPU
		{700CFAD8-FBFC-4D61-BEE4-7392D3A6D4EC}.Debug|Any CPU.ActiveCfg = Debug|Any CPU
		{700CFAD8-FBFC-4D61-BEE4-7392D3A6D4EC}.Debug|Any CPU.Build.0 = Debug|Any CPU
		{700CFAD8-FBFC-4D61-BEE4-7392D3A6D4EC}.Release|Any CPU.ActiveCfg = Release|Any CPU
		{700CFAD8-FBFC-4D61-BEE4-7392D3A6D4EC}.Release|Any CPU.Build.0 = Release|Any CPU
		{74E0A099-FD2C-4E76-8675-507E2050045D}.Debug|Any CPU.ActiveCfg = Debug|Any CPU
		{74E0A099-FD2C-4E76-8675-507E2050045D}.Debug|Any CPU.Build.0 = Debug|Any CPU
		{74E0A099-FD2C-4E76-8675-507E2050045D}.Release|Any CPU.ActiveCfg = Release|Any CPU
		{74E0A099-FD2C-4E76-8675-507E2050045D}.Release|Any CPU.Build.0 = Release|Any CPU
		{DB8FBF17-9BCD-480D-ACD4-27FB7E48415E}.Debug|Any CPU.ActiveCfg = Debug|Any CPU
		{DB8FBF17-9BCD-480D-ACD4-27FB7E48415E}.Debug|Any CPU.Build.0 = Debug|Any CPU
		{DB8FBF17-9BCD-480D-ACD4-27FB7E48415E}.Release|Any CPU.ActiveCfg = Release|Any CPU
		{DB8FBF17-9BCD-480D-ACD4-27FB7E48415E}.Release|Any CPU.Build.0 = Release|Any CPU
		{B5EF486E-277B-4959-89C2-27105DA3C218}.Debug|Any CPU.ActiveCfg = Debug|Any CPU
		{B5EF486E-277B-4959-89C2-27105DA3C218}.Debug|Any CPU.Build.0 = Debug|Any CPU
		{B5EF486E-277B-4959-89C2-27105DA3C218}.Release|Any CPU.ActiveCfg = Release|Any CPU
		{B5EF486E-277B-4959-89C2-27105DA3C218}.Release|Any CPU.Build.0 = Release|Any CPU
		{263C2CAD-BB9A-49AD-8C89-9C03B2FC254E}.Debug|Any CPU.ActiveCfg = Debug|Any CPU
		{263C2CAD-BB9A-49AD-8C89-9C03B2FC254E}.Debug|Any CPU.Build.0 = Debug|Any CPU
		{263C2CAD-BB9A-49AD-8C89-9C03B2FC254E}.Release|Any CPU.ActiveCfg = Release|Any CPU
		{263C2CAD-BB9A-49AD-8C89-9C03B2FC254E}.Release|Any CPU.Build.0 = Release|Any CPU
		{0694D9DF-C62E-400F-B82B-57554E8608FA}.Debug|Any CPU.ActiveCfg = Debug|Any CPU
		{0694D9DF-C62E-400F-B82B-57554E8608FA}.Debug|Any CPU.Build.0 = Debug|Any CPU
		{0694D9DF-C62E-400F-B82B-57554E8608FA}.Release|Any CPU.ActiveCfg = Release|Any CPU
		{0694D9DF-C62E-400F-B82B-57554E8608FA}.Release|Any CPU.Build.0 = Release|Any CPU
		{2ED30D4F-5668-467C-A193-85D532820293}.Debug|Any CPU.ActiveCfg = Debug|Any CPU
		{2ED30D4F-5668-467C-A193-85D532820293}.Debug|Any CPU.Build.0 = Debug|Any CPU
		{2ED30D4F-5668-467C-A193-85D532820293}.Release|Any CPU.ActiveCfg = Release|Any CPU
		{2ED30D4F-5668-467C-A193-85D532820293}.Release|Any CPU.Build.0 = Release|Any CPU
		{4B417A10-E474-463C-A574-37DB21654AF8}.Debug|Any CPU.ActiveCfg = Debug|Any CPU
		{4B417A10-E474-463C-A574-37DB21654AF8}.Debug|Any CPU.Build.0 = Debug|Any CPU
		{4B417A10-E474-463C-A574-37DB21654AF8}.Release|Any CPU.ActiveCfg = Release|Any CPU
		{4B417A10-E474-463C-A574-37DB21654AF8}.Release|Any CPU.Build.0 = Release|Any CPU
		{AD007666-5376-4FB7-BF4E-C0543A085885}.Debug|Any CPU.ActiveCfg = Debug|Any CPU
		{AD007666-5376-4FB7-BF4E-C0543A085885}.Debug|Any CPU.Build.0 = Debug|Any CPU
		{AD007666-5376-4FB7-BF4E-C0543A085885}.Release|Any CPU.ActiveCfg = Release|Any CPU
		{AD007666-5376-4FB7-BF4E-C0543A085885}.Release|Any CPU.Build.0 = Release|Any CPU
		{1D28C795-3E16-4373-836A-5AC9F27DF169}.Debug|Any CPU.ActiveCfg = Debug|Any CPU
		{1D28C795-3E16-4373-836A-5AC9F27DF169}.Debug|Any CPU.Build.0 = Debug|Any CPU
		{1D28C795-3E16-4373-836A-5AC9F27DF169}.Release|Any CPU.ActiveCfg = Release|Any CPU
		{1D28C795-3E16-4373-836A-5AC9F27DF169}.Release|Any CPU.Build.0 = Release|Any CPU
		{07280ABD-EF62-4E6C-8509-547C3A939FC4}.Debug|Any CPU.ActiveCfg = Debug|Any CPU
		{07280ABD-EF62-4E6C-8509-547C3A939FC4}.Debug|Any CPU.Build.0 = Debug|Any CPU
		{07280ABD-EF62-4E6C-8509-547C3A939FC4}.Release|Any CPU.ActiveCfg = Release|Any CPU
		{07280ABD-EF62-4E6C-8509-547C3A939FC4}.Release|Any CPU.Build.0 = Release|Any CPU
		{DEA1768E-1C1C-496C-BF8C-5C215B4646B5}.Debug|Any CPU.ActiveCfg = Debug|Any CPU
		{DEA1768E-1C1C-496C-BF8C-5C215B4646B5}.Debug|Any CPU.Build.0 = Debug|Any CPU
		{DEA1768E-1C1C-496C-BF8C-5C215B4646B5}.Release|Any CPU.ActiveCfg = Release|Any CPU
		{DEA1768E-1C1C-496C-BF8C-5C215B4646B5}.Release|Any CPU.Build.0 = Release|Any CPU
		{B4B3230E-21F3-42E4-B7D4-D571A461BC73}.Debug|Any CPU.ActiveCfg = Debug|Any CPU
		{B4B3230E-21F3-42E4-B7D4-D571A461BC73}.Debug|Any CPU.Build.0 = Debug|Any CPU
		{B4B3230E-21F3-42E4-B7D4-D571A461BC73}.Release|Any CPU.ActiveCfg = Release|Any CPU
		{B4B3230E-21F3-42E4-B7D4-D571A461BC73}.Release|Any CPU.Build.0 = Release|Any CPU
		{8FEF531F-83C0-4800-A3EC-9833152EF403}.Debug|Any CPU.ActiveCfg = Debug|Any CPU
		{8FEF531F-83C0-4800-A3EC-9833152EF403}.Debug|Any CPU.Build.0 = Debug|Any CPU
		{8FEF531F-83C0-4800-A3EC-9833152EF403}.Release|Any CPU.ActiveCfg = Release|Any CPU
		{8FEF531F-83C0-4800-A3EC-9833152EF403}.Release|Any CPU.Build.0 = Release|Any CPU
	EndGlobalSection
	GlobalSection(SolutionProperties) = preSolution
		HideSolutionNode = FALSE
	EndGlobalSection
	GlobalSection(NestedProjects) = preSolution
		{F5834E18-1D69-453A-802C-C0BC9B17EEB7} = {02EA681E-C7D8-13C7-8484-4AC65E1B71E8}
		{700CFAD8-FBFC-4D61-BEE4-7392D3A6D4EC} = {02EA681E-C7D8-13C7-8484-4AC65E1B71E8}
		{74E0A099-FD2C-4E76-8675-507E2050045D} = {02EA681E-C7D8-13C7-8484-4AC65E1B71E8}
		{DB8FBF17-9BCD-480D-ACD4-27FB7E48415E} = {D6824ACC-D120-45B7-805C-A9F6F0274BAD}
		{B5EF486E-277B-4959-89C2-27105DA3C218} = {D6824ACC-D120-45B7-805C-A9F6F0274BAD}
		{263C2CAD-BB9A-49AD-8C89-9C03B2FC254E} = {D6824ACC-D120-45B7-805C-A9F6F0274BAD}
		{0694D9DF-C62E-400F-B82B-57554E8608FA} = {CB3B469F-BFB5-4715-A63C-B0D8C492B337}
		{2ED30D4F-5668-467C-A193-85D532820293} = {CB3B469F-BFB5-4715-A63C-B0D8C492B337}
		{4B417A10-E474-463C-A574-37DB21654AF8} = {CB3B469F-BFB5-4715-A63C-B0D8C492B337}
		{AD007666-5376-4FB7-BF4E-C0543A085885} = {FA906C8C-F9C6-4EB9-9728-E2B7147D42B5}
		{1D28C795-3E16-4373-836A-5AC9F27DF169} = {FA906C8C-F9C6-4EB9-9728-E2B7147D42B5}
		{07280ABD-EF62-4E6C-8509-547C3A939FC4} = {FA906C8C-F9C6-4EB9-9728-E2B7147D42B5}
		{DAA308D9-3299-422B-9699-BFF2031FE198} = {D0EF1589-85A1-4620-A03F-F6487E3E4432}
		{FEBC233E-B75D-4E67-B0B2-E86D8ADEF7A0} = {CB3B469F-BFB5-4715-A63C-B0D8C492B337}
		{DEA1768E-1C1C-496C-BF8C-5C215B4646B5} = {43B9D75E-5B74-4C78-9F7A-6D91326F52C4}
		{B4B3230E-21F3-42E4-B7D4-D571A461BC73} = {43B9D75E-5B74-4C78-9F7A-6D91326F52C4}
		{8FEF531F-83C0-4800-A3EC-9833152EF403} = {43B9D75E-5B74-4C78-9F7A-6D91326F52C4}
	EndGlobalSection
	GlobalSection(ExtensibilityGlobals) = postSolution
		SolutionGuid = {95A8695B-19D6-4A08-983D-FBF0E004891A}
	EndGlobalSection
EndGlobal
